
Microsoft Visual Studio Solution File, Format Version 12.00
# Visual Studio Version 17
VisualStudioVersion = 17.14.37203.1
MinimumVisualStudioVersion = 10.0.40219.1
Project("{FAE04EC0-301F-11D3-BF4B-00C04F79EFBC}") = "QuestionBankClient", "WindowsFormsApp1\QuestionBankClient.csproj", "{1E889562-D4E4-41FA-8193-58589D351A2E}"
EndProject
Project("{54435603-DBB4-11D2-8724-00A0C9A8B90C}") = "QuestionBank_Installer", "QuestionBank_Installer\QuestionBank_Installer.vdproj", "{9C31A8EA-468F-7005-AA7B-FE6E382F6248}"
EndProject
Global
	GlobalSection(SolutionConfigurationPlatforms) = preSolution
		Debug|Any CPU = Debug|Any CPU
		Release|Any CPU = Release|Any CPU
	EndGlobalSection
	GlobalSection(ProjectConfigurationPlatforms) = postSolution
		{1E889562-D4E4-41FA-8193-58589D351A2E}.Debug|Any CPU.ActiveCfg = Debug|Any CPU
		{1E889562-D4E4-41FA-8193-58589D351A2E}.Debug|Any CPU.Build.0 = Debug|Any CPU
		{1E889562-D4E4-41FA-8193-58589D351A2E}.Release|Any CPU.ActiveCfg = Release|Any CPU
		{1E889562-D4E4-41FA-8193-58589D351A2E}.Release|Any CPU.Build.0 = Release|Any CPU
		{9C31A8EA-468F-7005-AA7B-FE6E382F6248}.Debug|Any CPU.ActiveCfg = Debug
		{9C31A8EA-468F-7005-AA7B-FE6E382F6248}.Release|Any CPU.ActiveCfg = Release
	EndGlobalSection
	GlobalSection(SolutionProperties) = preSolution
		HideSolutionNode = FALSE
	EndGlobalSection
	GlobalSection(ExtensibilityGlobals) = postSolution
		SolutionGuid = {36482388-EF7D-483C-8E62-281B7892FCB3}
	EndGlobalSection
EndGlobal
